
Microsoft Visual Studio Solution File, Format Version 12.00
# Visual Studio Version 16
VisualStudioVersion = 16.0.30804.86
MinimumVisualStudioVersion = 10.0.40219.1
Project("{2150E333-8FDC-42A3-9474-1A3956D46DE8}") = "Core", "Core", "{5A8284E4-A2D2-4307-93E8-937161507934}"
EndProject
Project("{9A19103F-16F7-4668-BE54-9A1E7A4F7556}") = "DeltaX.Domain.Common", "Source\Core\DeltaX.Domain.Common\DeltaX.Domain.Common.csproj", "{F22389B1-B9D6-48DD-9C33-50327CE27CEC}"
EndProject
Project("{2150E333-8FDC-42A3-9474-1A3956D46DE8}") = "UnitTest", "UnitTest", "{38DEF0EB-CC5A-4C51-B6CE-19F1A19AD7FE}"
EndProject
Project("{9A19103F-16F7-4668-BE54-9A1E7A4F7556}") = "DeltaX.Configuration", "Source\Core\DeltaX.Configuration\DeltaX.Configuration.csproj", "{38E07F8A-4B09-434E-863E-E04150FF2418}"
EndProject
Project("{9A19103F-16F7-4668-BE54-9A1E7A4F7556}") = "DeltaX.Configuration.Serilog", "Source\Core\DeltaX.Configuration.Serilog\DeltaX.Configuration.Serilog.csproj", "{4E331ACF-89CA-4CF2-9AD7-55385FB1ED6A}"
EndProject
Project("{9A19103F-16F7-4668-BE54-9A1E7A4F7556}") = "DeltaX.Database", "Source\Core\DeltaX.Database\DeltaX.Database.csproj", "{C6AF7EA4-37A7-4326-A40E-2100ADBCD5BB}"
EndProject
Project("{9A19103F-16F7-4668-BE54-9A1E7A4F7556}") = "DeltaX.CommonExtensions", "Source\Core\DeltaX.CommonExtensions\DeltaX.CommonExtensions.csproj", "{7A1D5D02-FCF8-4273-B1DA-8F26DF66B874}"
EndProject
Project("{2150E333-8FDC-42A3-9474-1A3956D46DE8}") = "Source", "Source", "{863DDFFA-4120-4AAC-88FF-C6100C8CBD94}"
EndProject
Project("{2150E333-8FDC-42A3-9474-1A3956D46DE8}") = "Connections", "Connections", "{72D2D6B3-BC0C-43F0-9904-CD13DEF5E990}"
EndProject
Project("{2150E333-8FDC-42A3-9474-1A3956D46DE8}") = "Rpc", "Rpc", "{1CF3F0DB-F511-42DF-8C34-71761D851A8B}"
EndProject
Project("{2150E333-8FDC-42A3-9474-1A3956D46DE8}") = "RealTime", "RealTime", "{698232C6-0116-42AF-B865-E504C3C47A61}"
EndProject
Project("{9A19103F-16F7-4668-BE54-9A1E7A4F7556}") = "DeltaX.RealTime.RtBase", "Source\RealTime\DeltaX.RealTime.RtBase\DeltaX.RealTime.RtBase.csproj", "{6B2C0A99-B1DB-449B-81CC-EB082D1821E1}"
EndProject
Project("{9A19103F-16F7-4668-BE54-9A1E7A4F7556}") = "DeltaX.RealTime.RtExpression", "Source\RealTime\DeltaX.RealTime.RtExpression\DeltaX.RealTime.RtExpression.csproj", "{44C5CF14-C1FE-47A7-B292-B2BF928477C2}"
EndProject
Project("{9A19103F-16F7-4668-BE54-9A1E7A4F7556}") = "DeltaX.RealTime.RtExtension", "Source\RealTime\DeltaX.RealTime.RtExtension\DeltaX.RealTime.RtExtension.csproj", "{41DD112D-293E-4A47-9384-45F4EC934B52}"
EndProject
Project("{9A19103F-16F7-4668-BE54-9A1E7A4F7556}") = "DeltaX.Connections.HttpServer", "Source\Connections\DeltaX.Connections.HttpServer\DeltaX.Connections.HttpServer.csproj", "{DC49E9BF-0BA7-49BF-A3A1-00FBC50B0AAF}"
EndProject
Project("{9A19103F-16F7-4668-BE54-9A1E7A4F7556}") = "DeltaX.Connections.MqttClientHelper", "Source\Connections\DeltaX.Connections.MqttClientHelper\DeltaX.Connections.MqttClientHelper.csproj", "{D5BAA74D-AAA5-426F-8EA1-E94B09919BB2}"
EndProject
Project("{9A19103F-16F7-4668-BE54-9A1E7A4F7556}") = "DeltaX.Connections.WebSocket", "Source\Connections\DeltaX.Connections.WebSocket\DeltaX.Connections.WebSocket.csproj", "{94D326DC-D003-441E-BB37-FE17AB76935B}"
EndProject
Project("{9A19103F-16F7-4668-BE54-9A1E7A4F7556}") = "DeltaX.Rpc.JsonRpc", "Source\Rpc\DeltaX.Rpc.JsonRpc\DeltaX.Rpc.JsonRpc.csproj", "{9A7909E1-2F2A-40A0-910E-DC701C342B92}"
EndProject
Project("{9A19103F-16F7-4668-BE54-9A1E7A4F7556}") = "DeltaX.Rpc.JsonRpc.HttpConnection", "Source\Rpc\DeltaX.Rpc.JsonRpc.HttpConnection\DeltaX.Rpc.JsonRpc.HttpConnection.csproj", "{4DAA0129-54FE-487D-9DE8-12894859A7DF}"
EndProject
Project("{9A19103F-16F7-4668-BE54-9A1E7A4F7556}") = "DeltaX.Rpc.JsonRpc.MqttConnection", "Source\Rpc\DeltaX.Rpc.JsonRpc.MqttConnection\DeltaX.Rpc.JsonRpc.MqttConnection.csproj", "{22212E03-093D-421B-B52E-0E5B69BAF424}"
EndProject
Project("{9A19103F-16F7-4668-BE54-9A1E7A4F7556}") = "DeltaX.Rpc.JsonRpc.WebSocketConnection", "Source\Rpc\DeltaX.Rpc.JsonRpc.WebSocketConnection\DeltaX.Rpc.JsonRpc.WebSocketConnection.csproj", "{56CE7692-70FD-43BD-8678-498722B63A4E}"
EndProject
Project("{2150E333-8FDC-42A3-9474-1A3956D46DE8}") = "FunctionalTest", "FunctionalTest", "{B9B2B733-8096-4FC6-B920-E43742AAFF76}"
EndProject
Project("{9A19103F-16F7-4668-BE54-9A1E7A4F7556}") = "DeltaX.RealTime.RtMqtt", "Source\RealTime\DeltaX.RealTime.RtMqtt\DeltaX.RealTime.RtMqtt.csproj", "{A9310AF7-310C-4B36-8F2D-50CDBA476EB3}"
EndProject
Project("{2150E333-8FDC-42A3-9474-1A3956D46DE8}") = "Modules", "Modules", "{889E6B56-E843-4980-831A-FF0C4F175CF1}"
EndProject
Project("{9A19103F-16F7-4668-BE54-9A1E7A4F7556}") = "DeltaX.RealTime.Mqtt.FunctionalTest", "FunctionalTest\DeltaX.RealTime.Mqtt.FunctionalTest\DeltaX.RealTime.Mqtt.FunctionalTest.csproj", "{51367EBF-092C-4DE4-A494-C719FC93ADCB}"
EndProject
Project("{9A19103F-16F7-4668-BE54-9A1E7A4F7556}") = "DeltaX.Rpc.JsonRpc.Mqtt.FunctionalTest", "FunctionalTest\DeltaX.Rpc.JsonRpc.Mqtt.FunctionalTest\DeltaX.Rpc.JsonRpc.Mqtt.FunctionalTest.csproj", "{E77DCBC6-A69D-4F6C-9B02-E32F28F1C5DA}"
EndProject
Project("{9A19103F-16F7-4668-BE54-9A1E7A4F7556}") = "DeltaX.CommonExtensions.UnitTest", "UnitTest\DeltaX.CommonExtensions.UnitTest\DeltaX.CommonExtensions.UnitTest.csproj", "{CEC36F2E-0B4B-4EA2-95EC-73CDFAB9834B}"
EndProject
Project("{9A19103F-16F7-4668-BE54-9A1E7A4F7556}") = "DeltaX.Modules.FiniteStateMachine", "Source\Modules\DeltaX.Modules.FiniteStateMachine\DeltaX.Modules.FiniteStateMachine.csproj", "{C967C528-59FD-4646-AAE8-E5261DA8FF7C}"
EndProject
Project("{FAE04EC0-301F-11D3-BF4B-00C04F79EFBC}") = "DeltaX.Modules.TagRuleEventHandler", "Source\Modules\DeltaX.Modules.TagRuleEventHandler\DeltaX.Modules.TagRuleEventHandler.csproj", "{1617C728-D7D8-4CBF-B49D-64DF5681484B}"
EndProject
Project("{FAE04EC0-301F-11D3-BF4B-00C04F79EFBC}") = "DeltaX.Modules.FiniteStateMachine.UnitTest", "UnitTest\DeltaX.Modules.FiniteStateMachine.UnitTest\DeltaX.Modules.FiniteStateMachine.UnitTest.csproj", "{B4D83B70-A6F2-4824-B5B2-03A9AD3576E2}"
EndProject
Global
	GlobalSection(SolutionConfigurationPlatforms) = preSolution
		Debug|Any CPU = Debug|Any CPU
		Release|Any CPU = Release|Any CPU
	EndGlobalSection
	GlobalSection(ProjectConfigurationPlatforms) = postSolution
		{F22389B1-B9D6-48DD-9C33-50327CE27CEC}.Debug|Any CPU.ActiveCfg = Debug|Any CPU
		{F22389B1-B9D6-48DD-9C33-50327CE27CEC}.Debug|Any CPU.Build.0 = Debug|Any CPU
		{F22389B1-B9D6-48DD-9C33-50327CE27CEC}.Release|Any CPU.ActiveCfg = Release|Any CPU
		{F22389B1-B9D6-48DD-9C33-50327CE27CEC}.Release|Any CPU.Build.0 = Release|Any CPU
		{38E07F8A-4B09-434E-863E-E04150FF2418}.Debug|Any CPU.ActiveCfg = Debug|Any CPU
		{38E07F8A-4B09-434E-863E-E04150FF2418}.Debug|Any CPU.Build.0 = Debug|Any CPU
		{38E07F8A-4B09-434E-863E-E04150FF2418}.Release|Any CPU.ActiveCfg = Release|Any CPU
		{38E07F8A-4B09-434E-863E-E04150FF2418}.Release|Any CPU.Build.0 = Release|Any CPU
		{4E331ACF-89CA-4CF2-9AD7-55385FB1ED6A}.Debug|Any CPU.ActiveCfg = Debug|Any CPU
		{4E331ACF-89CA-4CF2-9AD7-55385FB1ED6A}.Debug|Any CPU.Build.0 = Debug|Any CPU
		{4E331ACF-89CA-4CF2-9AD7-55385FB1ED6A}.Release|Any CPU.ActiveCfg = Release|Any CPU
		{4E331ACF-89CA-4CF2-9AD7-55385FB1ED6A}.Release|Any CPU.Build.0 = Release|Any CPU
		{C6AF7EA4-37A7-4326-A40E-2100ADBCD5BB}.Debug|Any CPU.ActiveCfg = Debug|Any CPU
		{C6AF7EA4-37A7-4326-A40E-2100ADBCD5BB}.Debug|Any CPU.Build.0 = Debug|Any CPU
		{C6AF7EA4-37A7-4326-A40E-2100ADBCD5BB}.Release|Any CPU.ActiveCfg = Release|Any CPU
		{C6AF7EA4-37A7-4326-A40E-2100ADBCD5BB}.Release|Any CPU.Build.0 = Release|Any CPU
		{7A1D5D02-FCF8-4273-B1DA-8F26DF66B874}.Debug|Any CPU.ActiveCfg = Debug|Any CPU
		{7A1D5D02-FCF8-4273-B1DA-8F26DF66B874}.Debug|Any CPU.Build.0 = Debug|Any CPU
		{7A1D5D02-FCF8-4273-B1DA-8F26DF66B874}.Release|Any CPU.ActiveCfg = Release|Any CPU
		{7A1D5D02-FCF8-4273-B1DA-8F26DF66B874}.Release|Any CPU.Build.0 = Release|Any CPU
		{6B2C0A99-B1DB-449B-81CC-EB082D1821E1}.Debug|Any CPU.ActiveCfg = Debug|Any CPU
		{6B2C0A99-B1DB-449B-81CC-EB082D1821E1}.Debug|Any CPU.Build.0 = Debug|Any CPU
		{6B2C0A99-B1DB-449B-81CC-EB082D1821E1}.Release|Any CPU.ActiveCfg = Release|Any CPU
		{6B2C0A99-B1DB-449B-81CC-EB082D1821E1}.Release|Any CPU.Build.0 = Release|Any CPU
		{44C5CF14-C1FE-47A7-B292-B2BF928477C2}.Debug|Any CPU.ActiveCfg = Debug|Any CPU
		{44C5CF14-C1FE-47A7-B292-B2BF928477C2}.Debug|Any CPU.Build.0 = Debug|Any CPU
		{44C5CF14-C1FE-47A7-B292-B2BF928477C2}.Release|Any CPU.ActiveCfg = Release|Any CPU
		{44C5CF14-C1FE-47A7-B292-B2BF928477C2}.Release|Any CPU.Build.0 = Release|Any CPU
		{41DD112D-293E-4A47-9384-45F4EC934B52}.Debug|Any CPU.ActiveCfg = Debug|Any CPU
		{41DD112D-293E-4A47-9384-45F4EC934B52}.Debug|Any CPU.Build.0 = Debug|Any CPU
		{41DD112D-293E-4A47-9384-45F4EC934B52}.Release|Any CPU.ActiveCfg = Release|Any CPU
		{41DD112D-293E-4A47-9384-45F4EC934B52}.Release|Any CPU.Build.0 = Release|Any CPU
		{DC49E9BF-0BA7-49BF-A3A1-00FBC50B0AAF}.Debug|Any CPU.ActiveCfg = Debug|Any CPU
		{DC49E9BF-0BA7-49BF-A3A1-00FBC50B0AAF}.Debug|Any CPU.Build.0 = Debug|Any CPU
		{DC49E9BF-0BA7-49BF-A3A1-00FBC50B0AAF}.Release|Any CPU.ActiveCfg = Release|Any CPU
		{DC49E9BF-0BA7-49BF-A3A1-00FBC50B0AAF}.Release|Any CPU.Build.0 = Release|Any CPU
		{D5BAA74D-AAA5-426F-8EA1-E94B09919BB2}.Debug|Any CPU.ActiveCfg = Debug|Any CPU
		{D5BAA74D-AAA5-426F-8EA1-E94B09919BB2}.Debug|Any CPU.Build.0 = Debug|Any CPU
		{D5BAA74D-AAA5-426F-8EA1-E94B09919BB2}.Release|Any CPU.ActiveCfg = Release|Any CPU
		{D5BAA74D-AAA5-426F-8EA1-E94B09919BB2}.Release|Any CPU.Build.0 = Release|Any CPU
		{94D326DC-D003-441E-BB37-FE17AB76935B}.Debug|Any CPU.ActiveCfg = Debug|Any CPU
		{94D326DC-D003-441E-BB37-FE17AB76935B}.Debug|Any CPU.Build.0 = Debug|Any CPU
		{94D326DC-D003-441E-BB37-FE17AB76935B}.Release|Any CPU.ActiveCfg = Release|Any CPU
		{94D326DC-D003-441E-BB37-FE17AB76935B}.Release|Any CPU.Build.0 = Release|Any CPU
		{9A7909E1-2F2A-40A0-910E-DC701C342B92}.Debug|Any CPU.ActiveCfg = Debug|Any CPU
		{9A7909E1-2F2A-40A0-910E-DC701C342B92}.Debug|Any CPU.Build.0 = Debug|Any CPU
		{9A7909E1-2F2A-40A0-910E-DC701C342B92}.Release|Any CPU.ActiveCfg = Release|Any CPU
		{9A7909E1-2F2A-40A0-910E-DC701C342B92}.Release|Any CPU.Build.0 = Release|Any CPU
		{4DAA0129-54FE-487D-9DE8-12894859A7DF}.Debug|Any CPU.ActiveCfg = Debug|Any CPU
		{4DAA0129-54FE-487D-9DE8-12894859A7DF}.Debug|Any CPU.Build.0 = Debug|Any CPU
		{4DAA0129-54FE-487D-9DE8-12894859A7DF}.Release|Any CPU.ActiveCfg = Release|Any CPU
		{4DAA0129-54FE-487D-9DE8-12894859A7DF}.Release|Any CPU.Build.0 = Release|Any CPU
		{22212E03-093D-421B-B52E-0E5B69BAF424}.Debug|Any CPU.ActiveCfg = Debug|Any CPU
		{22212E03-093D-421B-B52E-0E5B69BAF424}.Debug|Any CPU.Build.0 = Debug|Any CPU
		{22212E03-093D-421B-B52E-0E5B69BAF424}.Release|Any CPU.ActiveCfg = Release|Any CPU
		{22212E03-093D-421B-B52E-0E5B69BAF424}.Release|Any CPU.Build.0 = Release|Any CPU
		{56CE7692-70FD-43BD-8678-498722B63A4E}.Debug|Any CPU.ActiveCfg = Debug|Any CPU
		{56CE7692-70FD-43BD-8678-498722B63A4E}.Debug|Any CPU.Build.0 = Debug|Any CPU
		{56CE7692-70FD-43BD-8678-498722B63A4E}.Release|Any CPU.ActiveCfg = Release|Any CPU
		{56CE7692-70FD-43BD-8678-498722B63A4E}.Release|Any CPU.Build.0 = Release|Any CPU
		{A9310AF7-310C-4B36-8F2D-50CDBA476EB3}.Debug|Any CPU.ActiveCfg = Debug|Any CPU
		{A9310AF7-310C-4B36-8F2D-50CDBA476EB3}.Debug|Any CPU.Build.0 = Debug|Any CPU
		{A9310AF7-310C-4B36-8F2D-50CDBA476EB3}.Release|Any CPU.ActiveCfg = Release|Any CPU
		{A9310AF7-310C-4B36-8F2D-50CDBA476EB3}.Release|Any CPU.Build.0 = Release|Any CPU
		{51367EBF-092C-4DE4-A494-C719FC93ADCB}.Debug|Any CPU.ActiveCfg = Debug|Any CPU
		{51367EBF-092C-4DE4-A494-C719FC93ADCB}.Debug|Any CPU.Build.0 = Debug|Any CPU
		{51367EBF-092C-4DE4-A494-C719FC93ADCB}.Release|Any CPU.ActiveCfg = Release|Any CPU
		{51367EBF-092C-4DE4-A494-C719FC93ADCB}.Release|Any CPU.Build.0 = Release|Any CPU
		{E77DCBC6-A69D-4F6C-9B02-E32F28F1C5DA}.Debug|Any CPU.ActiveCfg = Debug|Any CPU
		{E77DCBC6-A69D-4F6C-9B02-E32F28F1C5DA}.Debug|Any CPU.Build.0 = Debug|Any CPU
		{E77DCBC6-A69D-4F6C-9B02-E32F28F1C5DA}.Release|Any CPU.ActiveCfg = Release|Any CPU
		{E77DCBC6-A69D-4F6C-9B02-E32F28F1C5DA}.Release|Any CPU.Build.0 = Release|Any CPU
		{CEC36F2E-0B4B-4EA2-95EC-73CDFAB9834B}.Debug|Any CPU.ActiveCfg = Debug|Any CPU
		{CEC36F2E-0B4B-4EA2-95EC-73CDFAB9834B}.Debug|Any CPU.Build.0 = Debug|Any CPU
		{CEC36F2E-0B4B-4EA2-95EC-73CDFAB9834B}.Release|Any CPU.ActiveCfg = Release|Any CPU
		{CEC36F2E-0B4B-4EA2-95EC-73CDFAB9834B}.Release|Any CPU.Build.0 = Release|Any CPU
		{C967C528-59FD-4646-AAE8-E5261DA8FF7C}.Debug|Any CPU.ActiveCfg = Debug|Any CPU
		{C967C528-59FD-4646-AAE8-E5261DA8FF7C}.Debug|Any CPU.Build.0 = Debug|Any CPU
		{C967C528-59FD-4646-AAE8-E5261DA8FF7C}.Release|Any CPU.ActiveCfg = Release|Any CPU
		{C967C528-59FD-4646-AAE8-E5261DA8FF7C}.Release|Any CPU.Build.0 = Release|Any CPU
		{1617C728-D7D8-4CBF-B49D-64DF5681484B}.Debug|Any CPU.ActiveCfg = Debug|Any CPU
		{1617C728-D7D8-4CBF-B49D-64DF5681484B}.Debug|Any CPU.Build.0 = Debug|Any CPU
		{1617C728-D7D8-4CBF-B49D-64DF5681484B}.Release|Any CPU.ActiveCfg = Release|Any CPU
		{1617C728-D7D8-4CBF-B49D-64DF5681484B}.Release|Any CPU.Build.0 = Release|Any CPU
		{B4D83B70-A6F2-4824-B5B2-03A9AD3576E2}.Debug|Any CPU.ActiveCfg = Debug|Any CPU
		{B4D83B70-A6F2-4824-B5B2-03A9AD3576E2}.Debug|Any CPU.Build.0 = Debug|Any CPU
		{B4D83B70-A6F2-4824-B5B2-03A9AD3576E2}.Release|Any CPU.ActiveCfg = Release|Any CPU
		{B4D83B70-A6F2-4824-B5B2-03A9AD3576E2}.Release|Any CPU.Build.0 = Release|Any CPU
	EndGlobalSection
	GlobalSection(SolutionProperties) = preSolution
		HideSolutionNode = FALSE
	EndGlobalSection
	GlobalSection(NestedProjects) = preSolution
		{5A8284E4-A2D2-4307-93E8-937161507934} = {863DDFFA-4120-4AAC-88FF-C6100C8CBD94}
		{F22389B1-B9D6-48DD-9C33-50327CE27CEC} = {5A8284E4-A2D2-4307-93E8-937161507934}
		{38E07F8A-4B09-434E-863E-E04150FF2418} = {5A8284E4-A2D2-4307-93E8-937161507934}
		{4E331ACF-89CA-4CF2-9AD7-55385FB1ED6A} = {5A8284E4-A2D2-4307-93E8-937161507934}
		{C6AF7EA4-37A7-4326-A40E-2100ADBCD5BB} = {5A8284E4-A2D2-4307-93E8-937161507934}
		{7A1D5D02-FCF8-4273-B1DA-8F26DF66B874} = {5A8284E4-A2D2-4307-93E8-937161507934}
		{72D2D6B3-BC0C-43F0-9904-CD13DEF5E990} = {863DDFFA-4120-4AAC-88FF-C6100C8CBD94}
		{1CF3F0DB-F511-42DF-8C34-71761D851A8B} = {863DDFFA-4120-4AAC-88FF-C6100C8CBD94}
		{698232C6-0116-42AF-B865-E504C3C47A61} = {863DDFFA-4120-4AAC-88FF-C6100C8CBD94}
		{6B2C0A99-B1DB-449B-81CC-EB082D1821E1} = {698232C6-0116-42AF-B865-E504C3C47A61}
		{44C5CF14-C1FE-47A7-B292-B2BF928477C2} = {698232C6-0116-42AF-B865-E504C3C47A61}
		{41DD112D-293E-4A47-9384-45F4EC934B52} = {698232C6-0116-42AF-B865-E504C3C47A61}
		{DC49E9BF-0BA7-49BF-A3A1-00FBC50B0AAF} = {72D2D6B3-BC0C-43F0-9904-CD13DEF5E990}
		{D5BAA74D-AAA5-426F-8EA1-E94B09919BB2} = {72D2D6B3-BC0C-43F0-9904-CD13DEF5E990}
		{94D326DC-D003-441E-BB37-FE17AB76935B} = {72D2D6B3-BC0C-43F0-9904-CD13DEF5E990}
		{9A7909E1-2F2A-40A0-910E-DC701C342B92} = {1CF3F0DB-F511-42DF-8C34-71761D851A8B}
		{4DAA0129-54FE-487D-9DE8-12894859A7DF} = {1CF3F0DB-F511-42DF-8C34-71761D851A8B}
		{22212E03-093D-421B-B52E-0E5B69BAF424} = {1CF3F0DB-F511-42DF-8C34-71761D851A8B}
		{56CE7692-70FD-43BD-8678-498722B63A4E} = {1CF3F0DB-F511-42DF-8C34-71761D851A8B}
		{A9310AF7-310C-4B36-8F2D-50CDBA476EB3} = {698232C6-0116-42AF-B865-E504C3C47A61}
		{889E6B56-E843-4980-831A-FF0C4F175CF1} = {863DDFFA-4120-4AAC-88FF-C6100C8CBD94}
		{51367EBF-092C-4DE4-A494-C719FC93ADCB} = {B9B2B733-8096-4FC6-B920-E43742AAFF76}
		{E77DCBC6-A69D-4F6C-9B02-E32F28F1C5DA} = {B9B2B733-8096-4FC6-B920-E43742AAFF76}
		{CEC36F2E-0B4B-4EA2-95EC-73CDFAB9834B} = {38DEF0EB-CC5A-4C51-B6CE-19F1A19AD7FE}
		{C967C528-59FD-4646-AAE8-E5261DA8FF7C} = {889E6B56-E843-4980-831A-FF0C4F175CF1}
		{1617C728-D7D8-4CBF-B49D-64DF5681484B} = {889E6B56-E843-4980-831A-FF0C4F175CF1}
		{B4D83B70-A6F2-4824-B5B2-03A9AD3576E2} = {38DEF0EB-CC5A-4C51-B6CE-19F1A19AD7FE}
	EndGlobalSection
	GlobalSection(ExtensibilityGlobals) = postSolution
		SolutionGuid = {700E020D-63DB-452D-BE0E-E771462AB1DA}
	EndGlobalSection
EndGlobal
