
Microsoft Visual Studio Solution File, Format Version 12.00
# Visual Studio Version 16
VisualStudioVersion = 16.0.30804.86
MinimumVisualStudioVersion = 10.0.40219.1
Project("{2150E333-8FDC-42A3-9474-1A3956D46DE8}") = "Core", "Core", "{5A8284E4-A2D2-4307-93E8-937161507934}"
EndProject
Project("{9A19103F-16F7-4668-BE54-9A1E7A4F7556}") = "DeltaX.Domain.Common", "Core\DeltaX.Domain.Common\DeltaX.Domain.Common.csproj", "{F22389B1-B9D6-48DD-9C33-50327CE27CEC}"
EndProject
Project("{2150E333-8FDC-42A3-9474-1A3956D46DE8}") = "UnitTest", "UnitTest", "{38DEF0EB-CC5A-4C51-B6CE-19F1A19AD7FE}"
EndProject
Project("{FAE04EC0-301F-11D3-BF4B-00C04F79EFBC}") = "DeltaX.Configuration", "Core\DeltaX.Configuration\DeltaX.Configuration.csproj", "{38E07F8A-4B09-434E-863E-E04150FF2418}"
EndProject
Project("{FAE04EC0-301F-11D3-BF4B-00C04F79EFBC}") = "DeltaX.Configuration.Serilog", "Core\DeltaX.Configuration.Serilog\DeltaX.Configuration.Serilog.csproj", "{4E331ACF-89CA-4CF2-9AD7-55385FB1ED6A}"
EndProject
Project("{FAE04EC0-301F-11D3-BF4B-00C04F79EFBC}") = "DeltaX.Database", "Core\DeltaX.Database\DeltaX.Database.csproj", "{C6AF7EA4-37A7-4326-A40E-2100ADBCD5BB}"
EndProject
Project("{FAE04EC0-301F-11D3-BF4B-00C04F79EFBC}") = "DeltaX.CommonExtensions", "Core\DeltaX.CommonExtensions\DeltaX.CommonExtensions.csproj", "{7A1D5D02-FCF8-4273-B1DA-8F26DF66B874}"
EndProject
Project("{2150E333-8FDC-42A3-9474-1A3956D46DE8}") = "Source", "Source", "{863DDFFA-4120-4AAC-88FF-C6100C8CBD94}"
EndProject
Project("{2150E333-8FDC-42A3-9474-1A3956D46DE8}") = "Connections", "Connections", "{72D2D6B3-BC0C-43F0-9904-CD13DEF5E990}"
EndProject
Project("{9A19103F-16F7-4668-BE54-9A1E7A4F7556}") = "DeltaX.Connections.MqttClientHelper", "Connections\DeltaX.MqttClientHelper\DeltaX.Connections.MqttClientHelper.csproj", "{BC9E8CCC-22BE-4171-81B6-2EE6638D1488}"
EndProject
Project("{9A19103F-16F7-4668-BE54-9A1E7A4F7556}") = "DeltaX.Connections.WebSocket", "Connections\DeltaX.WebSocket\DeltaX.Connections.WebSocket.csproj", "{167FDE59-FB5E-4919-86C9-F25F24782222}"
EndProject
Project("{2150E333-8FDC-42A3-9474-1A3956D46DE8}") = "Rpc", "Rpc", "{1CF3F0DB-F511-42DF-8C34-71761D851A8B}"
EndProject
Project("{9A19103F-16F7-4668-BE54-9A1E7A4F7556}") = "DeltaX.Connections.HttpServer", "Connections\DeltaX.HttpServer\DeltaX.Connections.HttpServer.csproj", "{CFC1C9DE-1EEA-44DE-818E-41ED921BF7BD}"
EndProject
Project("{9A19103F-16F7-4668-BE54-9A1E7A4F7556}") = "DeltaX.JsonRpc", "Rpc\DeltaX.JsonRpc\DeltaX.JsonRpc.csproj", "{CAC4AF0A-D0F9-4DC5-9F21-EAA6ADF7A6F2}"
EndProject
Project("{9A19103F-16F7-4668-BE54-9A1E7A4F7556}") = "DeltaX.JsonRpc.MqttConnection", "Rpc\DeltaX.JsonRpc.MqttConnection\DeltaX.JsonRpc.MqttConnection.csproj", "{C1813C4D-688E-4D29-9038-BEF50721466F}"
EndProject
Project("{9A19103F-16F7-4668-BE54-9A1E7A4F7556}") = "DeltaX.JsonRpc.HttpConnection", "Rpc\DeltaX.JsonRpc.HttpConnection\DeltaX.JsonRpc.HttpConnection.csproj", "{3B1080BE-6880-4FC5-9155-9FC52D3D9E97}"
EndProject
Project("{9A19103F-16F7-4668-BE54-9A1E7A4F7556}") = "DeltaX.JsonRpc.WebSocketConnection", "Rpc\DeltaX.JsonRpc.WebSocketConnection\DeltaX.JsonRpc.WebSocketConnection.csproj", "{AA72BD1F-C60D-4653-A5C5-CE0B19467593}"
EndProject
Global
	GlobalSection(SolutionConfigurationPlatforms) = preSolution
		Debug|Any CPU = Debug|Any CPU
		Release|Any CPU = Release|Any CPU
	EndGlobalSection
	GlobalSection(ProjectConfigurationPlatforms) = postSolution
		{F22389B1-B9D6-48DD-9C33-50327CE27CEC}.Debug|Any CPU.ActiveCfg = Debug|Any CPU
		{F22389B1-B9D6-48DD-9C33-50327CE27CEC}.Debug|Any CPU.Build.0 = Debug|Any CPU
		{F22389B1-B9D6-48DD-9C33-50327CE27CEC}.Release|Any CPU.ActiveCfg = Release|Any CPU
		{F22389B1-B9D6-48DD-9C33-50327CE27CEC}.Release|Any CPU.Build.0 = Release|Any CPU
		{38E07F8A-4B09-434E-863E-E04150FF2418}.Debug|Any CPU.ActiveCfg = Debug|Any CPU
		{38E07F8A-4B09-434E-863E-E04150FF2418}.Debug|Any CPU.Build.0 = Debug|Any CPU
		{38E07F8A-4B09-434E-863E-E04150FF2418}.Release|Any CPU.ActiveCfg = Release|Any CPU
		{38E07F8A-4B09-434E-863E-E04150FF2418}.Release|Any CPU.Build.0 = Release|Any CPU
		{4E331ACF-89CA-4CF2-9AD7-55385FB1ED6A}.Debug|Any CPU.ActiveCfg = Debug|Any CPU
		{4E331ACF-89CA-4CF2-9AD7-55385FB1ED6A}.Debug|Any CPU.Build.0 = Debug|Any CPU
		{4E331ACF-89CA-4CF2-9AD7-55385FB1ED6A}.Release|Any CPU.ActiveCfg = Release|Any CPU
		{4E331ACF-89CA-4CF2-9AD7-55385FB1ED6A}.Release|Any CPU.Build.0 = Release|Any CPU
		{C6AF7EA4-37A7-4326-A40E-2100ADBCD5BB}.Debug|Any CPU.ActiveCfg = Debug|Any CPU
		{C6AF7EA4-37A7-4326-A40E-2100ADBCD5BB}.Debug|Any CPU.Build.0 = Debug|Any CPU
		{C6AF7EA4-37A7-4326-A40E-2100ADBCD5BB}.Release|Any CPU.ActiveCfg = Release|Any CPU
		{C6AF7EA4-37A7-4326-A40E-2100ADBCD5BB}.Release|Any CPU.Build.0 = Release|Any CPU
		{7A1D5D02-FCF8-4273-B1DA-8F26DF66B874}.Debug|Any CPU.ActiveCfg = Debug|Any CPU
		{7A1D5D02-FCF8-4273-B1DA-8F26DF66B874}.Debug|Any CPU.Build.0 = Debug|Any CPU
		{7A1D5D02-FCF8-4273-B1DA-8F26DF66B874}.Release|Any CPU.ActiveCfg = Release|Any CPU
		{7A1D5D02-FCF8-4273-B1DA-8F26DF66B874}.Release|Any CPU.Build.0 = Release|Any CPU
		{BC9E8CCC-22BE-4171-81B6-2EE6638D1488}.Debug|Any CPU.ActiveCfg = Debug|Any CPU
		{BC9E8CCC-22BE-4171-81B6-2EE6638D1488}.Debug|Any CPU.Build.0 = Debug|Any CPU
		{BC9E8CCC-22BE-4171-81B6-2EE6638D1488}.Release|Any CPU.ActiveCfg = Release|Any CPU
		{BC9E8CCC-22BE-4171-81B6-2EE6638D1488}.Release|Any CPU.Build.0 = Release|Any CPU
		{167FDE59-FB5E-4919-86C9-F25F24782222}.Debug|Any CPU.ActiveCfg = Debug|Any CPU
		{167FDE59-FB5E-4919-86C9-F25F24782222}.Debug|Any CPU.Build.0 = Debug|Any CPU
		{167FDE59-FB5E-4919-86C9-F25F24782222}.Release|Any CPU.ActiveCfg = Release|Any CPU
		{167FDE59-FB5E-4919-86C9-F25F24782222}.Release|Any CPU.Build.0 = Release|Any CPU
		{CFC1C9DE-1EEA-44DE-818E-41ED921BF7BD}.Debug|Any CPU.ActiveCfg = Debug|Any CPU
		{CFC1C9DE-1EEA-44DE-818E-41ED921BF7BD}.Debug|Any CPU.Build.0 = Debug|Any CPU
		{CFC1C9DE-1EEA-44DE-818E-41ED921BF7BD}.Release|Any CPU.ActiveCfg = Release|Any CPU
		{CFC1C9DE-1EEA-44DE-818E-41ED921BF7BD}.Release|Any CPU.Build.0 = Release|Any CPU
		{CAC4AF0A-D0F9-4DC5-9F21-EAA6ADF7A6F2}.Debug|Any CPU.ActiveCfg = Debug|Any CPU
		{CAC4AF0A-D0F9-4DC5-9F21-EAA6ADF7A6F2}.Debug|Any CPU.Build.0 = Debug|Any CPU
		{CAC4AF0A-D0F9-4DC5-9F21-EAA6ADF7A6F2}.Release|Any CPU.ActiveCfg = Release|Any CPU
		{CAC4AF0A-D0F9-4DC5-9F21-EAA6ADF7A6F2}.Release|Any CPU.Build.0 = Release|Any CPU
		{C1813C4D-688E-4D29-9038-BEF50721466F}.Debug|Any CPU.ActiveCfg = Debug|Any CPU
		{C1813C4D-688E-4D29-9038-BEF50721466F}.Debug|Any CPU.Build.0 = Debug|Any CPU
		{C1813C4D-688E-4D29-9038-BEF50721466F}.Release|Any CPU.ActiveCfg = Release|Any CPU
		{C1813C4D-688E-4D29-9038-BEF50721466F}.Release|Any CPU.Build.0 = Release|Any CPU
		{3B1080BE-6880-4FC5-9155-9FC52D3D9E97}.Debug|Any CPU.ActiveCfg = Debug|Any CPU
		{3B1080BE-6880-4FC5-9155-9FC52D3D9E97}.Debug|Any CPU.Build.0 = Debug|Any CPU
		{3B1080BE-6880-4FC5-9155-9FC52D3D9E97}.Release|Any CPU.ActiveCfg = Release|Any CPU
		{3B1080BE-6880-4FC5-9155-9FC52D3D9E97}.Release|Any CPU.Build.0 = Release|Any CPU
		{AA72BD1F-C60D-4653-A5C5-CE0B19467593}.Debug|Any CPU.ActiveCfg = Debug|Any CPU
		{AA72BD1F-C60D-4653-A5C5-CE0B19467593}.Debug|Any CPU.Build.0 = Debug|Any CPU
		{AA72BD1F-C60D-4653-A5C5-CE0B19467593}.Release|Any CPU.ActiveCfg = Release|Any CPU
		{AA72BD1F-C60D-4653-A5C5-CE0B19467593}.Release|Any CPU.Build.0 = Release|Any CPU
	EndGlobalSection
	GlobalSection(SolutionProperties) = preSolution
		HideSolutionNode = FALSE
	EndGlobalSection
	GlobalSection(NestedProjects) = preSolution
		{5A8284E4-A2D2-4307-93E8-937161507934} = {863DDFFA-4120-4AAC-88FF-C6100C8CBD94}
		{F22389B1-B9D6-48DD-9C33-50327CE27CEC} = {5A8284E4-A2D2-4307-93E8-937161507934}
		{38E07F8A-4B09-434E-863E-E04150FF2418} = {5A8284E4-A2D2-4307-93E8-937161507934}
		{4E331ACF-89CA-4CF2-9AD7-55385FB1ED6A} = {5A8284E4-A2D2-4307-93E8-937161507934}
		{C6AF7EA4-37A7-4326-A40E-2100ADBCD5BB} = {5A8284E4-A2D2-4307-93E8-937161507934}
		{7A1D5D02-FCF8-4273-B1DA-8F26DF66B874} = {5A8284E4-A2D2-4307-93E8-937161507934}
		{72D2D6B3-BC0C-43F0-9904-CD13DEF5E990} = {863DDFFA-4120-4AAC-88FF-C6100C8CBD94}
		{BC9E8CCC-22BE-4171-81B6-2EE6638D1488} = {72D2D6B3-BC0C-43F0-9904-CD13DEF5E990}
		{167FDE59-FB5E-4919-86C9-F25F24782222} = {72D2D6B3-BC0C-43F0-9904-CD13DEF5E990}
		{1CF3F0DB-F511-42DF-8C34-71761D851A8B} = {863DDFFA-4120-4AAC-88FF-C6100C8CBD94}
		{CFC1C9DE-1EEA-44DE-818E-41ED921BF7BD} = {72D2D6B3-BC0C-43F0-9904-CD13DEF5E990}
		{CAC4AF0A-D0F9-4DC5-9F21-EAA6ADF7A6F2} = {1CF3F0DB-F511-42DF-8C34-71761D851A8B}
		{C1813C4D-688E-4D29-9038-BEF50721466F} = {1CF3F0DB-F511-42DF-8C34-71761D851A8B}
		{3B1080BE-6880-4FC5-9155-9FC52D3D9E97} = {1CF3F0DB-F511-42DF-8C34-71761D851A8B}
		{AA72BD1F-C60D-4653-A5C5-CE0B19467593} = {1CF3F0DB-F511-42DF-8C34-71761D851A8B}
	EndGlobalSection
	GlobalSection(ExtensibilityGlobals) = postSolution
		SolutionGuid = {700E020D-63DB-452D-BE0E-E771462AB1DA}
	EndGlobalSection
EndGlobal
